
Microsoft Visual Studio Solution File, Format Version 12.00
# Visual Studio Version 17
VisualStudioVersion = 17.2.32616.157
MinimumVisualStudioVersion = 10.0.40219.1
Project("{FAE04EC0-301F-11D3-BF4B-00C04F79EFBC}") = "FilterException", "FilterException\FilterException.csproj", "{CC827102-E72B-46F3-91F0-E723AB61017F}"
EndProject
Global
	GlobalSection(SolutionConfigurationPlatforms) = preSolution
		Debug|Any CPU = Debug|Any CPU
		Release|Any CPU = Release|Any CPU
	EndGlobalSection
	GlobalSection(ProjectConfigurationPlatforms) = postSolution
		{CC827102-E72B-46F3-91F0-E723AB61017F}.Debug|Any CPU.ActiveCfg = Debug|Any CPU
		{CC827102-E72B-46F3-91F0-E723AB61017F}.Debug|Any CPU.Build.0 = Debug|Any CPU
		{CC827102-E72B-46F3-91F0-E723AB61017F}.Release|Any CPU.ActiveCfg = Release|Any CPU
		{CC827102-E72B-46F3-91F0-E723AB61017F}.Release|Any CPU.Build.0 = Release|Any CPU
	EndGlobalSection
	GlobalSection(SolutionProperties) = preSolution
		HideSolutionNode = FALSE
	EndGlobalSection
	GlobalSection(ExtensibilityGlobals) = postSolution
		SolutionGuid = {2D7755A0-73A1-4B6E-850F-5886844AE5ED}
	EndGlobalSection
EndGlobal
